{
  "name": "ex03",
  "version": "1.0.0",
  "lockfileVersion": 1,
  "requires": true,
  "dependencies": {
    "@fancyapps/ui": {
      "version": "4.0.0-beta.0",
      "resolved": "https://registry.npmjs.org/@fancyapps/ui/-/ui-4.0.0-beta.0.tgz",
      "integrity": "sha512-AxXicvUPV0mwxgx9rxXaEQPHM58gfr4w6Bpaq0SjXEjOMkBztKEEFCGBODItlLqj11z2lgzoz1hBRUK1dpV+8Q=="
    }
  }
}
